
Microsoft Visual Studio Solution File, Format Version 12.00
# Visual Studio Version 17
VisualStudioVersion = 17.3.32929.385
MinimumVisualStudioVersion = 10.0.40219.1
Project("{FAE04EC0-301F-11D3-BF4B-00C04F79EFBC}") = "5labor", "5labor\5labor.csproj", "{921048F2-6C82-470F-8D93-B7DE4736EC93}"
EndProject
Global
	GlobalSection(SolutionConfigurationPlatforms) = preSolution
		Debug|Any CPU = Debug|Any CPU
		Release|Any CPU = Release|Any CPU
	EndGlobalSection
	GlobalSection(ProjectConfigurationPlatforms) = postSolution
		{921048F2-6C82-470F-8D93-B7DE4736EC93}.Debug|Any CPU.ActiveCfg = Debug|Any CPU
		{921048F2-6C82-470F-8D93-B7DE4736EC93}.Debug|Any CPU.Build.0 = Debug|Any CPU
		{921048F2-6C82-470F-8D93-B7DE4736EC93}.Release|Any CPU.ActiveCfg = Release|Any CPU
		{921048F2-6C82-470F-8D93-B7DE4736EC93}.Release|Any CPU.Build.0 = Release|Any CPU
	EndGlobalSection
	GlobalSection(SolutionProperties) = preSolution
		HideSolutionNode = FALSE
	EndGlobalSection
	GlobalSection(ExtensibilityGlobals) = postSolution
		SolutionGuid = {0CC86CC4-BD48-4D55-804A-A64630CEC1A1}
	EndGlobalSection
EndGlobal
